
Microsoft Visual Studio Solution File, Format Version 12.00
# Visual Studio Version 17
VisualStudioVersion = 17.14.36930.0 d17.14
MinimumVisualStudioVersion = 10.0.40219.1
Project("{FAE04EC0-301F-11D3-BF4B-00C04F79EFBC}") = "WinFormsApp1", "WinFormsApp1\WinFormsApp1.csproj", "{A58E3283-5E86-4E75-BF62-C78B3C7484D4}"
EndProject
Global
	GlobalSection(SolutionConfigurationPlatforms) = preSolution
		Debug|Any CPU = Debug|Any CPU
		Release|Any CPU = Release|Any CPU
	EndGlobalSection
	GlobalSection(ProjectConfigurationPlatforms) = postSolution
		{A58E3283-5E86-4E75-BF62-C78B3C7484D4}.Debug|Any CPU.ActiveCfg = Debug|Any CPU
		{A58E3283-5E86-4E75-BF62-C78B3C7484D4}.Debug|Any CPU.Build.0 = Debug|Any CPU
		{A58E3283-5E86-4E75-BF62-C78B3C7484D4}.Release|Any CPU.ActiveCfg = Release|Any CPU
		{A58E3283-5E86-4E75-BF62-C78B3C7484D4}.Release|Any CPU.Build.0 = Release|Any CPU
	EndGlobalSection
	GlobalSection(SolutionProperties) = preSolution
		HideSolutionNode = FALSE
	EndGlobalSection
	GlobalSection(ExtensibilityGlobals) = postSolution
		SolutionGuid = {451EA3EA-2733-4830-8EE4-3040A8B82919}
	EndGlobalSection
EndGlobal
